
Microsoft Visual Studio Solution File, Format Version 12.00
# Visual Studio Version 16
VisualStudioVersion = 16.0.31702.278
MinimumVisualStudioVersion = 10.0.40219.1
Project("{FAE04EC0-301F-11D3-BF4B-00C04F79EFBC}") = "MVC_Tutorial_05", "MVC_Tutorial_05\MVC_Tutorial_05.csproj", "{A2CE4688-692F-4885-B558-0E9F1DD7B096}"
EndProject
Global
	GlobalSection(SolutionConfigurationPlatforms) = preSolution
		Debug|Any CPU = Debug|Any CPU
		Release|Any CPU = Release|Any CPU
	EndGlobalSection
	GlobalSection(ProjectConfigurationPlatforms) = postSolution
		{A2CE4688-692F-4885-B558-0E9F1DD7B096}.Debug|Any CPU.ActiveCfg = Debug|Any CPU
		{A2CE4688-692F-4885-B558-0E9F1DD7B096}.Debug|Any CPU.Build.0 = Debug|Any CPU
		{A2CE4688-692F-4885-B558-0E9F1DD7B096}.Release|Any CPU.ActiveCfg = Release|Any CPU
		{A2CE4688-692F-4885-B558-0E9F1DD7B096}.Release|Any CPU.Build.0 = Release|Any CPU
	EndGlobalSection
	GlobalSection(SolutionProperties) = preSolution
		HideSolutionNode = FALSE
	EndGlobalSection
	GlobalSection(ExtensibilityGlobals) = postSolution
		SolutionGuid = {B9CE51A0-B8AB-4DC8-97D5-6F87B474D118}
	EndGlobalSection
EndGlobal
